// !$*UTF8*$!
{
	archiveVersion = 1;
	classes = {
	};
	objectVersion = 48;
	objects = {

/* Begin PBXBuildFile section */
		A80C45CB1F1E98B3007F2EFA /* UserEntity.swift in Sources */ = {isa = PBXBuildFile; fileRef = A80C45CA1F1E98B3007F2EFA /* UserEntity.swift */; };
		A80C45CD1F1E99CC007F2EFA /* User.swift in Sources */ = {isa = PBXBuildFile; fileRef = A80C45CC1F1E99CC007F2EFA /* User.swift */; };
		A80C45CF1F1E99D8007F2EFA /* NewUser.swift in Sources */ = {isa = PBXBuildFile; fileRef = A80C45CE1F1E99D8007F2EFA /* NewUser.swift */; };
		A860515B1F21039E0048C86E /* RootViewController.swift in Sources */ = {isa = PBXBuildFile; fileRef = A860515A1F21039E0048C86E /* RootViewController.swift */; };
		A86051671F21334F0048C86E /* StorageDataSource.swift in Sources */ = {isa = PBXBuildFile; fileRef = A86051661F21334F0048C86E /* StorageDataSource.swift */; };
		A86051691F2134460048C86E /* UserDefaultsStorageDataSource.swift in Sources */ = {isa = PBXBuildFile; fileRef = A86051681F2134460048C86E /* UserDefaultsStorageDataSource.swift */; };
		A860516B1F21362B0048C86E /* StorageRepositoryProtocol.swift in Sources */ = {isa = PBXBuildFile; fileRef = A860516A1F21362B0048C86E /* StorageRepositoryProtocol.swift */; };
		A860516D1F2136C80048C86E /* UserDefaultsRepository.swift in Sources */ = {isa = PBXBuildFile; fileRef = A860516C1F2136C80048C86E /* UserDefaultsRepository.swift */; };
		A860516F1F2139B00048C86E /* StorageServiceLocator.swift in Sources */ = {isa = PBXBuildFile; fileRef = A860516E1F2139B00048C86E /* StorageServiceLocator.swift */; };
		A86051751F214B090048C86E /* UserDefaultsStorageDataSourceSpec.swift in Sources */ = {isa = PBXBuildFile; fileRef = A86051741F214B090048C86E /* UserDefaultsStorageDataSourceSpec.swift */; };
		A86051771F214B320048C86E /* UserDefaultsRepositorySpec.swift in Sources */ = {isa = PBXBuildFile; fileRef = A86051761F214B320048C86E /* UserDefaultsRepositorySpec.swift */; };
		A8A7229C1F1FAC4E00DF908D /* AuthenticationRepositorySpec.swift in Sources */ = {isa = PBXBuildFile; fileRef = A8A7229B1F1FAC4E00DF908D /* AuthenticationRepositorySpec.swift */; };
		A8A7229E1F1FAE3700DF908D /* AuthenticationServiceLocator.swift in Sources */ = {isa = PBXBuildFile; fileRef = A8A7229D1F1FAE3700DF908D /* AuthenticationServiceLocator.swift */; };
		A8ACFB041F1E96770065306D /* AppDelegate.swift in Sources */ = {isa = PBXBuildFile; fileRef = A8ACFB031F1E96770065306D /* AppDelegate.swift */; };
		A8ACFB0B1F1E96770065306D /* Assets.xcassets in Resources */ = {isa = PBXBuildFile; fileRef = A8ACFB0A1F1E96770065306D /* Assets.xcassets */; };
		A8ACFB241F1E96770065306D /* CleanExampleUITests.swift in Sources */ = {isa = PBXBuildFile; fileRef = A8ACFB231F1E96770065306D /* CleanExampleUITests.swift */; };
		A8BE5D641F20148100F80C1A /* LoginViewControllerSpec.swift in Sources */ = {isa = PBXBuildFile; fileRef = A8BE5D631F20148100F80C1A /* LoginViewControllerSpec.swift */; };
		A8C8A8D41F1EB2E20038B3F2 /* UserEntitySpec.swift in Sources */ = {isa = PBXBuildFile; fileRef = A8C8A8D31F1EB2E20038B3F2 /* UserEntitySpec.swift */; };
		A8C8A8DD1F1EB8310038B3F2 /* AuthenticationUseCase.swift in Sources */ = {isa = PBXBuildFile; fileRef = A8C8A8DC1F1EB8310038B3F2 /* AuthenticationUseCase.swift */; };
		A8C8A8DF1F1EB9330038B3F2 /* AuthenticationRepository.swift in Sources */ = {isa = PBXBuildFile; fileRef = A8C8A8DE1F1EB9330038B3F2 /* AuthenticationRepository.swift */; };
		A8C8A8E11F1EBA5B0038B3F2 /* AuthenticationRestApi.swift in Sources */ = {isa = PBXBuildFile; fileRef = A8C8A8E01F1EBA5B0038B3F2 /* AuthenticationRestApi.swift */; };
		A8C8A8E31F1EBACF0038B3F2 /* AuthenticationMockApi.swift in Sources */ = {isa = PBXBuildFile; fileRef = A8C8A8E21F1EBACF0038B3F2 /* AuthenticationMockApi.swift */; };
		A8C8A8E61F1EBAFE0038B3F2 /* login200.json in Resources */ = {isa = PBXBuildFile; fileRef = A8C8A8E51F1EBAFE0038B3F2 /* login200.json */; };
		A8C8A8E91F1F8F720038B3F2 /* AuthenticationMockApiSpec.swift in Sources */ = {isa = PBXBuildFile; fileRef = A8C8A8E81F1F8F720038B3F2 /* AuthenticationMockApiSpec.swift */; };
		A8C8A8EB1F1F97CC0038B3F2 /* CustomError.swift in Sources */ = {isa = PBXBuildFile; fileRef = A8C8A8EA1F1F97CC0038B3F2 /* CustomError.swift */; };
		A8C8A8ED1F1F985B0038B3F2 /* CustomErrorSpec.swift in Sources */ = {isa = PBXBuildFile; fileRef = A8C8A8EC1F1F985B0038B3F2 /* CustomErrorSpec.swift */; };
		A8C8A8EF1F1F99C60038B3F2 /* AuthenticationUseCaseSpec.swift in Sources */ = {isa = PBXBuildFile; fileRef = A8C8A8EE1F1F99C60038B3F2 /* AuthenticationUseCaseSpec.swift */; };
		A8C8A8F11F1F9B0D0038B3F2 /* AuthenticationRepositoryProtocol.swift in Sources */ = {isa = PBXBuildFile; fileRef = A8C8A8F01F1F9B0D0038B3F2 /* AuthenticationRepositoryProtocol.swift */; };
		A8C8A8F41F1F9B920038B3F2 /* AuthenticationDataSource.swift in Sources */ = {isa = PBXBuildFile; fileRef = A8C8A8F31F1F9B920038B3F2 /* AuthenticationDataSource.swift */; };
		A8C8A8F61F1F9BEA0038B3F2 /* AuthenticationMockDataSource.swift in Sources */ = {isa = PBXBuildFile; fileRef = A8C8A8F51F1F9BEA0038B3F2 /* AuthenticationMockDataSource.swift */; };
		A8CF94EE1F1FB12A00A4CBDA /* AuthenticationMockDataSourceSpec.swift in Sources */ = {isa = PBXBuildFile; fileRef = A8CF94ED1F1FB12A00A4CBDA /* AuthenticationMockDataSourceSpec.swift */; };
		A8CF94F21F1FB78300A4CBDA /* LoginViewController.swift in Sources */ = {isa = PBXBuildFile; fileRef = A8CF94F01F1FB78300A4CBDA /* LoginViewController.swift */; };
		A8CF94F31F1FB78300A4CBDA /* LoginViewController.xib in Resources */ = {isa = PBXBuildFile; fileRef = A8CF94F11F1FB78300A4CBDA /* LoginViewController.xib */; };
		A8CF94F51F1FB7C800A4CBDA /* LoginPresenter.swift in Sources */ = {isa = PBXBuildFile; fileRef = A8CF94F41F1FB7C800A4CBDA /* LoginPresenter.swift */; };
		A8CF94FB1F1FC0D300A4CBDA /* LoginPresenterProtocol.swift in Sources */ = {isa = PBXBuildFile; fileRef = A8CF94FA1F1FC0D300A4CBDA /* LoginPresenterProtocol.swift */; };
		A8CF94FD1F1FC0E900A4CBDA /* LoginViewProtocol.swift in Sources */ = {isa = PBXBuildFile; fileRef = A8CF94FC1F1FC0E900A4CBDA /* LoginViewProtocol.swift */; };
		A8CF95001F1FF25000A4CBDA /* LoginPresenterSpec.swift in Sources */ = {isa = PBXBuildFile; fileRef = A8CF94FF1F1FF25000A4CBDA /* LoginPresenterSpec.swift */; };
		A8D016411F269F15002E5B0D /* HomeViewProtocol.swift in Sources */ = {isa = PBXBuildFile; fileRef = A8D016401F269F15002E5B0D /* HomeViewProtocol.swift */; };
		A8D016431F269F23002E5B0D /* HomePresenterProtocol.swift in Sources */ = {isa = PBXBuildFile; fileRef = A8D016421F269F23002E5B0D /* HomePresenterProtocol.swift */; };
		A8D016461F269F37002E5B0D /* HomeViewController.swift in Sources */ = {isa = PBXBuildFile; fileRef = A8D016441F269F37002E5B0D /* HomeViewController.swift */; };
		A8D016471F269F37002E5B0D /* HomeViewController.xib in Resources */ = {isa = PBXBuildFile; fileRef = A8D016451F269F37002E5B0D /* HomeViewController.xib */; };
		A8D016491F269F4D002E5B0D /* HomePresenter.swift in Sources */ = {isa = PBXBuildFile; fileRef = A8D016481F269F4D002E5B0D /* HomePresenter.swift */; };
/* End PBXBuildFile section */

/* Begin PBXContainerItemProxy section */
		A8ACFB151F1E96770065306D /* PBXContainerItemProxy */ = {
			isa = PBXContainerItemProxy;
			containerPortal = A8ACFAF81F1E96770065306D /* Project object */;
			proxyType = 1;
			remoteGlobalIDString = A8ACFAFF1F1E96770065306D;
			remoteInfo = CleanExample;
		};
		A8ACFB201F1E96770065306D /* PBXContainerItemProxy */ = {
			isa = PBXContainerItemProxy;
			containerPortal = A8ACFAF81F1E96770065306D /* Project object */;
			proxyType = 1;
			remoteGlobalIDString = A8ACFAFF1F1E96770065306D;
			remoteInfo = CleanExample;
		};
/* End PBXContainerItemProxy section */

/* Begin PBXFileReference section */
		A80C45CA1F1E98B3007F2EFA /* UserEntity.swift */ = {isa = PBXFileReference; lastKnownFileType = sourcecode.swift; path = UserEntity.swift; sourceTree = "<group>"; };
		A80C45CC1F1E99CC007F2EFA /* User.swift */ = {isa = PBXFileReference; lastKnownFileType = sourcecode.swift; path = User.swift; sourceTree = "<group>"; };
		A80C45CE1F1E99D8007F2EFA /* NewUser.swift */ = {isa = PBXFileReference; lastKnownFileType = sourcecode.swift; path = NewUser.swift; sourceTree = "<group>"; };
		A860515A1F21039E0048C86E /* RootViewController.swift */ = {isa = PBXFileReference; lastKnownFileType = sourcecode.swift; path = RootViewController.swift; sourceTree = "<group>"; };
		A86051661F21334F0048C86E /* StorageDataSource.swift */ = {isa = PBXFileReference; lastKnownFileType = sourcecode.swift; path = StorageDataSource.swift; sourceTree = "<group>"; };
		A86051681F2134460048C86E /* UserDefaultsStorageDataSource.swift */ = {isa = PBXFileReference; lastKnownFileType = sourcecode.swift; path = UserDefaultsStorageDataSource.swift; sourceTree = "<group>"; };
		A860516A1F21362B0048C86E /* StorageRepositoryProtocol.swift */ = {isa = PBXFileReference; lastKnownFileType = sourcecode.swift; path = StorageRepositoryProtocol.swift; sourceTree = "<group>"; };
		A860516C1F2136C80048C86E /* UserDefaultsRepository.swift */ = {isa = PBXFileReference; lastKnownFileType = sourcecode.swift; path = UserDefaultsRepository.swift; sourceTree = "<group>"; };
		A860516E1F2139B00048C86E /* StorageServiceLocator.swift */ = {isa = PBXFileReference; lastKnownFileType = sourcecode.swift; path = StorageServiceLocator.swift; sourceTree = "<group>"; };
		A86051741F214B090048C86E /* UserDefaultsStorageDataSourceSpec.swift */ = {isa = PBXFileReference; lastKnownFileType = sourcecode.swift; path = UserDefaultsStorageDataSourceSpec.swift; sourceTree = "<group>"; };
		A86051761F214B320048C86E /* UserDefaultsRepositorySpec.swift */ = {isa = PBXFileReference; lastKnownFileType = sourcecode.swift; path = UserDefaultsRepositorySpec.swift; sourceTree = "<group>"; };
		A8A7229B1F1FAC4E00DF908D /* AuthenticationRepositorySpec.swift */ = {isa = PBXFileReference; lastKnownFileType = sourcecode.swift; path = AuthenticationRepositorySpec.swift; sourceTree = "<group>"; };
		A8A7229D1F1FAE3700DF908D /* AuthenticationServiceLocator.swift */ = {isa = PBXFileReference; lastKnownFileType = sourcecode.swift; path = AuthenticationServiceLocator.swift; sourceTree = "<group>"; };
		A8ACFB001F1E96770065306D /* CleanExample.app */ = {isa = PBXFileReference; explicitFileType = wrapper.application; includeInIndex = 0; path = CleanExample.app; sourceTree = BUILT_PRODUCTS_DIR; };
		A8ACFB031F1E96770065306D /* AppDelegate.swift */ = {isa = PBXFileReference; lastKnownFileType = sourcecode.swift; path = AppDelegate.swift; sourceTree = "<group>"; };
		A8ACFB0A1F1E96770065306D /* Assets.xcassets */ = {isa = PBXFileReference; lastKnownFileType = folder.assetcatalog; path = Assets.xcassets; sourceTree = "<group>"; };
		A8ACFB0F1F1E96770065306D /* Info.plist */ = {isa = PBXFileReference; lastKnownFileType = text.plist.xml; path = Info.plist; sourceTree = "<group>"; };
		A8ACFB141F1E96770065306D /* CleanExampleTests.xctest */ = {isa = PBXFileReference; explicitFileType = wrapper.cfbundle; includeInIndex = 0; path = CleanExampleTests.xctest; sourceTree = BUILT_PRODUCTS_DIR; };
		A8ACFB1A1F1E96770065306D /* Info.plist */ = {isa = PBXFileReference; lastKnownFileType = text.plist.xml; path = Info.plist; sourceTree = "<group>"; };
		A8ACFB1F1F1E96770065306D /* CleanExampleUITests.xctest */ = {isa = PBXFileReference; explicitFileType = wrapper.cfbundle; includeInIndex = 0; path = CleanExampleUITests.xctest; sourceTree = BUILT_PRODUCTS_DIR; };
		A8ACFB231F1E96770065306D /* CleanExampleUITests.swift */ = {isa = PBXFileReference; lastKnownFileType = sourcecode.swift; path = CleanExampleUITests.swift; sourceTree = "<group>"; };
		A8ACFB251F1E96770065306D /* Info.plist */ = {isa = PBXFileReference; lastKnownFileType = text.plist.xml; path = Info.plist; sourceTree = "<group>"; };
		A8BE5D631F20148100F80C1A /* LoginViewControllerSpec.swift */ = {isa = PBXFileReference; lastKnownFileType = sourcecode.swift; path = LoginViewControllerSpec.swift; sourceTree = "<group>"; };
		A8C8A8D31F1EB2E20038B3F2 /* UserEntitySpec.swift */ = {isa = PBXFileReference; lastKnownFileType = sourcecode.swift; path = UserEntitySpec.swift; sourceTree = "<group>"; };
		A8C8A8DC1F1EB8310038B3F2 /* AuthenticationUseCase.swift */ = {isa = PBXFileReference; lastKnownFileType = sourcecode.swift; path = AuthenticationUseCase.swift; sourceTree = "<group>"; };
		A8C8A8DE1F1EB9330038B3F2 /* AuthenticationRepository.swift */ = {isa = PBXFileReference; lastKnownFileType = sourcecode.swift; path = AuthenticationRepository.swift; sourceTree = "<group>"; };
		A8C8A8E01F1EBA5B0038B3F2 /* AuthenticationRestApi.swift */ = {isa = PBXFileReference; lastKnownFileType = sourcecode.swift; path = AuthenticationRestApi.swift; sourceTree = "<group>"; };
		A8C8A8E21F1EBACF0038B3F2 /* AuthenticationMockApi.swift */ = {isa = PBXFileReference; lastKnownFileType = sourcecode.swift; path = AuthenticationMockApi.swift; sourceTree = "<group>"; };
		A8C8A8E51F1EBAFE0038B3F2 /* login200.json */ = {isa = PBXFileReference; lastKnownFileType = text.json; path = login200.json; sourceTree = "<group>"; };
		A8C8A8E81F1F8F720038B3F2 /* AuthenticationMockApiSpec.swift */ = {isa = PBXFileReference; lastKnownFileType = sourcecode.swift; path = AuthenticationMockApiSpec.swift; sourceTree = "<group>"; };
		A8C8A8EA1F1F97CC0038B3F2 /* CustomError.swift */ = {isa = PBXFileReference; lastKnownFileType = sourcecode.swift; path = CustomError.swift; sourceTree = "<group>"; };
		A8C8A8EC1F1F985B0038B3F2 /* CustomErrorSpec.swift */ = {isa = PBXFileReference; lastKnownFileType = sourcecode.swift; path = CustomErrorSpec.swift; sourceTree = "<group>"; };
		A8C8A8EE1F1F99C60038B3F2 /* AuthenticationUseCaseSpec.swift */ = {isa = PBXFileReference; lastKnownFileType = sourcecode.swift; path = AuthenticationUseCaseSpec.swift; sourceTree = "<group>"; };
		A8C8A8F01F1F9B0D0038B3F2 /* AuthenticationRepositoryProtocol.swift */ = {isa = PBXFileReference; lastKnownFileType = sourcecode.swift; path = AuthenticationRepositoryProtocol.swift; sourceTree = "<group>"; };
		A8C8A8F31F1F9B920038B3F2 /* AuthenticationDataSource.swift */ = {isa = PBXFileReference; lastKnownFileType = sourcecode.swift; path = AuthenticationDataSource.swift; sourceTree = "<group>"; };
		A8C8A8F51F1F9BEA0038B3F2 /* AuthenticationMockDataSource.swift */ = {isa = PBXFileReference; lastKnownFileType = sourcecode.swift; path = AuthenticationMockDataSource.swift; sourceTree = "<group>"; };
		A8CF94ED1F1FB12A00A4CBDA /* AuthenticationMockDataSourceSpec.swift */ = {isa = PBXFileReference; lastKnownFileType = sourcecode.swift; path = AuthenticationMockDataSourceSpec.swift; sourceTree = "<group>"; };
		A8CF94F01F1FB78300A4CBDA /* LoginViewController.swift */ = {isa = PBXFileReference; lastKnownFileType = sourcecode.swift; path = LoginViewController.swift; sourceTree = "<group>"; };
		A8CF94F11F1FB78300A4CBDA /* LoginViewController.xib */ = {isa = PBXFileReference; lastKnownFileType = file.xib; path = LoginViewController.xib; sourceTree = "<group>"; };
		A8CF94F41F1FB7C800A4CBDA /* LoginPresenter.swift */ = {isa = PBXFileReference; lastKnownFileType = sourcecode.swift; path = LoginPresenter.swift; sourceTree = "<group>"; };
		A8CF94FA1F1FC0D300A4CBDA /* LoginPresenterProtocol.swift */ = {isa = PBXFileReference; lastKnownFileType = sourcecode.swift; path = LoginPresenterProtocol.swift; sourceTree = "<group>"; };
		A8CF94FC1F1FC0E900A4CBDA /* LoginViewProtocol.swift */ = {isa = PBXFileReference; lastKnownFileType = sourcecode.swift; path = LoginViewProtocol.swift; sourceTree = "<group>"; };
		A8CF94FF1F1FF25000A4CBDA /* LoginPresenterSpec.swift */ = {isa = PBXFileReference; lastKnownFileType = sourcecode.swift; path = LoginPresenterSpec.swift; sourceTree = "<group>"; };
		A8D016401F269F15002E5B0D /* HomeViewProtocol.swift */ = {isa = PBXFileReference; lastKnownFileType = sourcecode.swift; path = HomeViewProtocol.swift; sourceTree = "<group>"; };
		A8D016421F269F23002E5B0D /* HomePresenterProtocol.swift */ = {isa = PBXFileReference; lastKnownFileType = sourcecode.swift; path = HomePresenterProtocol.swift; sourceTree = "<group>"; };
		A8D016441F269F37002E5B0D /* HomeViewController.swift */ = {isa = PBXFileReference; lastKnownFileType = sourcecode.swift; path = HomeViewController.swift; sourceTree = "<group>"; };
		A8D016451F269F37002E5B0D /* HomeViewController.xib */ = {isa = PBXFileReference; lastKnownFileType = file.xib; path = HomeViewController.xib; sourceTree = "<group>"; };
		A8D016481F269F4D002E5B0D /* HomePresenter.swift */ = {isa = PBXFileReference; lastKnownFileType = sourcecode.swift; path = HomePresenter.swift; sourceTree = "<group>"; };
/* End PBXFileReference section */

/* Begin PBXFrameworksBuildPhase section */
		A8ACFAFD1F1E96770065306D /* Frameworks */ = {
			isa = PBXFrameworksBuildPhase;
			buildActionMask = 2147483647;
			files = (
			);
			runOnlyForDeploymentPostprocessing = 0;
		};
		A8ACFB111F1E96770065306D /* Frameworks */ = {
			isa = PBXFrameworksBuildPhase;
			buildActionMask = 2147483647;
			files = (
			);
			runOnlyForDeploymentPostprocessing = 0;
		};
		A8ACFB1C1F1E96770065306D /* Frameworks */ = {
			isa = PBXFrameworksBuildPhase;
			buildActionMask = 2147483647;
			files = (
			);
			runOnlyForDeploymentPostprocessing = 0;
		};
/* End PBXFrameworksBuildPhase section */

/* Begin PBXGroup section */
		A860515C1F21326C0048C86E /* Storage */ = {
			isa = PBXGroup;
			children = (
				A860515D1F2132860048C86E /* Data */,
				A860515E1F2132920048C86E /* DI */,
			);
			path = Storage;
			sourceTree = "<group>";
		};
		A860515D1F2132860048C86E /* Data */ = {
			isa = PBXGroup;
			children = (
				A86051621F2132B50048C86E /* Repository */,
			);
			path = Data;
			sourceTree = "<group>";
		};
		A860515E1F2132920048C86E /* DI */ = {
			isa = PBXGroup;
			children = (
				A860516E1F2139B00048C86E /* StorageServiceLocator.swift */,
			);
			path = DI;
			sourceTree = "<group>";
		};
		A86051621F2132B50048C86E /* Repository */ = {
			isa = PBXGroup;
			children = (
				A86051641F2132CC0048C86E /* DataSource */,
				A860516A1F21362B0048C86E /* StorageRepositoryProtocol.swift */,
				A860516C1F2136C80048C86E /* UserDefaultsRepository.swift */,
			);
			path = Repository;
			sourceTree = "<group>";
		};
		A86051641F2132CC0048C86E /* DataSource */ = {
			isa = PBXGroup;
			children = (
				A86051661F21334F0048C86E /* StorageDataSource.swift */,
				A86051681F2134460048C86E /* UserDefaultsStorageDataSource.swift */,
			);
			path = DataSource;
			sourceTree = "<group>";
		};
		A86051701F214AD80048C86E /* Storage */ = {
			isa = PBXGroup;
			children = (
				A86051711F214ADF0048C86E /* Data */,
			);
			path = Storage;
			sourceTree = "<group>";
		};
		A86051711F214ADF0048C86E /* Data */ = {
			isa = PBXGroup;
			children = (
				A86051721F214AE70048C86E /* Repository */,
			);
			path = Data;
			sourceTree = "<group>";
		};
		A86051721F214AE70048C86E /* Repository */ = {
			isa = PBXGroup;
			children = (
				A86051731F214AEE0048C86E /* DataSource */,
				A86051761F214B320048C86E /* UserDefaultsRepositorySpec.swift */,
			);
			path = Repository;
			sourceTree = "<group>";
		};
		A86051731F214AEE0048C86E /* DataSource */ = {
			isa = PBXGroup;
			children = (
				A86051741F214B090048C86E /* UserDefaultsStorageDataSourceSpec.swift */,
			);
			path = DataSource;
			sourceTree = "<group>";
		};
		A88905AB1F1FA79F00298185 /* Authentication */ = {
			isa = PBXGroup;
			children = (
				A8C8A8D51F1EB7370038B3F2 /* Data */,
				A8C8A8DB1F1EB7CE0038B3F2 /* DI */,
				A8C8A8D91F1EB7B30038B3F2 /* Domain */,
				A8CF94EF1F1FB65600A4CBDA /* View */,
			);
			path = Authentication;
			sourceTree = "<group>";
		};
		A88905AC1F1FA7CE00298185 /* Global Helpers */ = {
			isa = PBXGroup;
			children = (
				A8C8A8EA1F1F97CC0038B3F2 /* CustomError.swift */,
			);
			path = "Global Helpers";
			sourceTree = "<group>";
		};
		A8A722931F1FA9EF00DF908D /* Authentication */ = {
			isa = PBXGroup;
			children = (
				A8A722961F1FAA0B00DF908D /* Data */,
				A8A722951F1FAA0600DF908D /* Domain */,
				A8CF94FE1F1FF1D600A4CBDA /* View */,
			);
			path = Authentication;
			sourceTree = "<group>";
		};
		A8A722941F1FA9F800DF908D /* Global Helpers */ = {
			isa = PBXGroup;
			children = (
				A8C8A8EC1F1F985B0038B3F2 /* CustomErrorSpec.swift */,
			);
			path = "Global Helpers";
			sourceTree = "<group>";
		};
		A8A722951F1FAA0600DF908D /* Domain */ = {
			isa = PBXGroup;
			children = (
				A8C8A8EE1F1F99C60038B3F2 /* AuthenticationUseCaseSpec.swift */,
			);
			path = Domain;
			sourceTree = "<group>";
		};
		A8A722961F1FAA0B00DF908D /* Data */ = {
			isa = PBXGroup;
			children = (
				A8A7229A1F1FAC3700DF908D /* Repository */,
				A8A722981F1FAA4300DF908D /* Network */,
				A8C8A8D31F1EB2E20038B3F2 /* UserEntitySpec.swift */,
			);
			path = Data;
			sourceTree = "<group>";
		};
		A8A722981F1FAA4300DF908D /* Network */ = {
			isa = PBXGroup;
			children = (
				A8C8A8E81F1F8F720038B3F2 /* AuthenticationMockApiSpec.swift */,
			);
			path = Network;
			sourceTree = "<group>";
		};
		A8A7229A1F1FAC3700DF908D /* Repository */ = {
			isa = PBXGroup;
			children = (
				A8CF94EC1F1FB10F00A4CBDA /* DataSource */,
				A8A7229B1F1FAC4E00DF908D /* AuthenticationRepositorySpec.swift */,
			);
			path = Repository;
			sourceTree = "<group>";
		};
		A8ACFAF71F1E96770065306D = {
			isa = PBXGroup;
			children = (
				A8ACFB021F1E96770065306D /* CleanExample */,
				A8ACFB171F1E96770065306D /* CleanExampleTests */,
				A8ACFB221F1E96770065306D /* CleanExampleUITests */,
				A8ACFB011F1E96770065306D /* Products */,
			);
			sourceTree = "<group>";
		};
		A8ACFB011F1E96770065306D /* Products */ = {
			isa = PBXGroup;
			children = (
				A8ACFB001F1E96770065306D /* CleanExample.app */,
				A8ACFB141F1E96770065306D /* CleanExampleTests.xctest */,
				A8ACFB1F1F1E96770065306D /* CleanExampleUITests.xctest */,
			);
			name = Products;
			sourceTree = "<group>";
		};
		A8ACFB021F1E96770065306D /* CleanExample */ = {
			isa = PBXGroup;
			children = (
				A8D0164A1F26A507002E5B0D /* Contacts */,
				A8D0163E1F2682F6002E5B0D /* Home */,
				A860515C1F21326C0048C86E /* Storage */,
				A8ACFB031F1E96770065306D /* AppDelegate.swift */,
				A8ACFB0A1F1E96770065306D /* Assets.xcassets */,
				A88905AB1F1FA79F00298185 /* Authentication */,
				A88905AC1F1FA7CE00298185 /* Global Helpers */,
				A8ACFB0F1F1E96770065306D /* Info.plist */,
				A860515A1F21039E0048C86E /* RootViewController.swift */,
			);
			path = CleanExample;
			sourceTree = "<group>";
		};
		A8ACFB171F1E96770065306D /* CleanExampleTests */ = {
			isa = PBXGroup;
			children = (
				A86051701F214AD80048C86E /* Storage */,
				A8A722931F1FA9EF00DF908D /* Authentication */,
				A8A722941F1FA9F800DF908D /* Global Helpers */,
				A8ACFB1A1F1E96770065306D /* Info.plist */,
			);
			path = CleanExampleTests;
			sourceTree = "<group>";
		};
		A8ACFB221F1E96770065306D /* CleanExampleUITests */ = {
			isa = PBXGroup;
			children = (
				A8ACFB231F1E96770065306D /* CleanExampleUITests.swift */,
				A8ACFB251F1E96770065306D /* Info.plist */,
			);
			path = CleanExampleUITests;
			sourceTree = "<group>";
		};
		A8C8A8D51F1EB7370038B3F2 /* Data */ = {
			isa = PBXGroup;
			children = (
				A8C8A8D81F1EB7990038B3F2 /* Entity */,
				A8C8A8D71F1EB7960038B3F2 /* Repository */,
				A8C8A8D61F1EB7920038B3F2 /* Network */,
			);
			path = Data;
			sourceTree = "<group>";
		};
		A8C8A8D61F1EB7920038B3F2 /* Network */ = {
			isa = PBXGroup;
			children = (
				A8C8A8E41F1EBAE40038B3F2 /* JSON */,
				A8C8A8E01F1EBA5B0038B3F2 /* AuthenticationRestApi.swift */,
				A8C8A8E21F1EBACF0038B3F2 /* AuthenticationMockApi.swift */,
			);
			path = Network;
			sourceTree = "<group>";
		};
		A8C8A8D71F1EB7960038B3F2 /* Repository */ = {
			isa = PBXGroup;
			children = (
				A8C8A8F21F1F9B840038B3F2 /* DataSource */,
				A8C8A8F01F1F9B0D0038B3F2 /* AuthenticationRepositoryProtocol.swift */,
				A8C8A8DE1F1EB9330038B3F2 /* AuthenticationRepository.swift */,
			);
			path = Repository;
			sourceTree = "<group>";
		};
		A8C8A8D81F1EB7990038B3F2 /* Entity */ = {
			isa = PBXGroup;
			children = (
				A80C45CA1F1E98B3007F2EFA /* UserEntity.swift */,
			);
			path = Entity;
			sourceTree = "<group>";
		};
		A8C8A8D91F1EB7B30038B3F2 /* Domain */ = {
			isa = PBXGroup;
			children = (
				A80C45CC1F1E99CC007F2EFA /* User.swift */,
				A80C45CE1F1E99D8007F2EFA /* NewUser.swift */,
				A8C8A8DA1F1EB7C00038B3F2 /* UseCase */,
			);
			path = Domain;
			sourceTree = "<group>";
		};
		A8C8A8DA1F1EB7C00038B3F2 /* UseCase */ = {
			isa = PBXGroup;
			children = (
				A8C8A8DC1F1EB8310038B3F2 /* AuthenticationUseCase.swift */,
			);
			path = UseCase;
			sourceTree = "<group>";
		};
		A8C8A8DB1F1EB7CE0038B3F2 /* DI */ = {
			isa = PBXGroup;
			children = (
				A8A7229D1F1FAE3700DF908D /* AuthenticationServiceLocator.swift */,
			);
			path = DI;
			sourceTree = "<group>";
		};
		A8C8A8E41F1EBAE40038B3F2 /* JSON */ = {
			isa = PBXGroup;
			children = (
				A8C8A8E51F1EBAFE0038B3F2 /* login200.json */,
			);
			path = JSON;
			sourceTree = "<group>";
		};
		A8C8A8F21F1F9B840038B3F2 /* DataSource */ = {
			isa = PBXGroup;
			children = (
				A8C8A8F31F1F9B920038B3F2 /* AuthenticationDataSource.swift */,
				A8C8A8F51F1F9BEA0038B3F2 /* AuthenticationMockDataSource.swift */,
			);
			path = DataSource;
			sourceTree = "<group>";
		};
		A8CF94EC1F1FB10F00A4CBDA /* DataSource */ = {
			isa = PBXGroup;
			children = (
				A8CF94ED1F1FB12A00A4CBDA /* AuthenticationMockDataSourceSpec.swift */,
			);
			path = DataSource;
			sourceTree = "<group>";
		};
		A8CF94EF1F1FB65600A4CBDA /* View */ = {
			isa = PBXGroup;
			children = (
				A8CF94F01F1FB78300A4CBDA /* LoginViewController.swift */,
				A8CF94F11F1FB78300A4CBDA /* LoginViewController.xib */,
				A8CF94F41F1FB7C800A4CBDA /* LoginPresenter.swift */,
				A8CF94FA1F1FC0D300A4CBDA /* LoginPresenterProtocol.swift */,
				A8CF94FC1F1FC0E900A4CBDA /* LoginViewProtocol.swift */,
			);
			path = View;
			sourceTree = "<group>";
		};
		A8CF94FE1F1FF1D600A4CBDA /* View */ = {
			isa = PBXGroup;
			children = (
				A8CF94FF1F1FF25000A4CBDA /* LoginPresenterSpec.swift */,
				A8BE5D631F20148100F80C1A /* LoginViewControllerSpec.swift */,
			);
			path = View;
			sourceTree = "<group>";
		};
		A8D0163E1F2682F6002E5B0D /* Home */ = {
			isa = PBXGroup;
			children = (
				A8D0163F1F269EF4002E5B0D /* View */,
			);
			path = Home;
			sourceTree = "<group>";
		};
		A8D0163F1F269EF4002E5B0D /* View */ = {
			isa = PBXGroup;
			children = (
				A8D016481F269F4D002E5B0D /* HomePresenter.swift */,
				A8D016421F269F23002E5B0D /* HomePresenterProtocol.swift */,
				A8D016441F269F37002E5B0D /* HomeViewController.swift */,
				A8D016451F269F37002E5B0D /* HomeViewController.xib */,
				A8D016401F269F15002E5B0D /* HomeViewProtocol.swift */,
			);
			path = View;
			sourceTree = "<group>";
		};
		A8D0164A1F26A507002E5B0D /* Contacts */ = {
			isa = PBXGroup;
			children = (
				A8D0164B1F26A520002E5B0D /* Data */,
				A8D016501F26A567002E5B0D /* DI */,
				A8D016511F26A56B002E5B0D /* Domain */,
				A8D016521F26A577002E5B0D /* View */,
			);
			path = Contacts;
			sourceTree = "<group>";
		};
		A8D0164B1F26A520002E5B0D /* Data */ = {
			isa = PBXGroup;
			children = (
				A8D0164C1F26A527002E5B0D /* Entity */,
				A8D0164E1F26A542002E5B0D /* Network */,
				A8D0164D1F26A537002E5B0D /* Repository */,
			);
			path = Data;
			sourceTree = "<group>";
		};
		A8D0164C1F26A527002E5B0D /* Entity */ = {
			isa = PBXGroup;
			children = (
			);
			path = Entity;
			sourceTree = "<group>";
		};
		A8D0164D1F26A537002E5B0D /* Repository */ = {
			isa = PBXGroup;
			children = (
				A8D0164F1F26A555002E5B0D /* DataSource */,
			);
			path = Repository;
			sourceTree = "<group>";
		};
		A8D0164E1F26A542002E5B0D /* Network */ = {
			isa = PBXGroup;
			children = (
			);
			path = Network;
			sourceTree = "<group>";
		};
		A8D0164F1F26A555002E5B0D /* DataSource */ = {
			isa = PBXGroup;
			children = (
			);
			path = DataSource;
			sourceTree = "<group>";
		};
		A8D016501F26A567002E5B0D /* DI */ = {
			isa = PBXGroup;
			children = (
			);
			path = DI;
			sourceTree = "<group>";
		};
		A8D016511F26A56B002E5B0D /* Domain */ = {
			isa = PBXGroup;
			children = (
				A8D016531F26A585002E5B0D /* UseCase */,
			);
			path = Domain;
			sourceTree = "<group>";
		};
		A8D016521F26A577002E5B0D /* View */ = {
			isa = PBXGroup;
			children = (
			);
			path = View;
			sourceTree = "<group>";
		};
		A8D016531F26A585002E5B0D /* UseCase */ = {
			isa = PBXGroup;
			children = (
			);
			path = UseCase;
			sourceTree = "<group>";
		};
/* End PBXGroup section */

/* Begin PBXNativeTarget section */
		A8ACFAFF1F1E96770065306D /* CleanExample */ = {
			isa = PBXNativeTarget;
			buildConfigurationList = A8ACFB281F1E96770065306D /* Build configuration list for PBXNativeTarget "CleanExample" */;
			buildPhases = (
				A8ACFAFC1F1E96770065306D /* Sources */,
				A8ACFAFD1F1E96770065306D /* Frameworks */,
				A8ACFAFE1F1E96770065306D /* Resources */,
				A8C8A8D21F1E9BED0038B3F2 /* SwiftLint */,
			);
			buildRules = (
			);
			dependencies = (
			);
			name = CleanExample;
			productName = CleanExample;
			productReference = A8ACFB001F1E96770065306D /* CleanExample.app */;
			productType = "com.apple.product-type.application";
		};
		A8ACFB131F1E96770065306D /* CleanExampleTests */ = {
			isa = PBXNativeTarget;
			buildConfigurationList = A8ACFB2B1F1E96770065306D /* Build configuration list for PBXNativeTarget "CleanExampleTests" */;
			buildPhases = (
				A8ACFB101F1E96770065306D /* Sources */,
				A8ACFB111F1E96770065306D /* Frameworks */,
				A8ACFB121F1E96770065306D /* Resources */,
			);
			buildRules = (
			);
			dependencies = (
				A8ACFB161F1E96770065306D /* PBXTargetDependency */,
			);
			name = CleanExampleTests;
			productName = CleanExampleTests;
			productReference = A8ACFB141F1E96770065306D /* CleanExampleTests.xctest */;
			productType = "com.apple.product-type.bundle.unit-test";
		};
		A8ACFB1E1F1E96770065306D /* CleanExampleUITests */ = {
			isa = PBXNativeTarget;
			buildConfigurationList = A8ACFB2E1F1E96770065306D /* Build configuration list for PBXNativeTarget "CleanExampleUITests" */;
			buildPhases = (
				A8ACFB1B1F1E96770065306D /* Sources */,
				A8ACFB1C1F1E96770065306D /* Frameworks */,
				A8ACFB1D1F1E96770065306D /* Resources */,
			);
			buildRules = (
			);
			dependencies = (
				A8ACFB211F1E96770065306D /* PBXTargetDependency */,
			);
			name = CleanExampleUITests;
			productName = CleanExampleUITests;
			productReference = A8ACFB1F1F1E96770065306D /* CleanExampleUITests.xctest */;
			productType = "com.apple.product-type.bundle.ui-testing";
		};
/* End PBXNativeTarget section */

/* Begin PBXProject section */
		A8ACFAF81F1E96770065306D /* Project object */ = {
			isa = PBXProject;
			attributes = {
				LastSwiftUpdateCheck = 0900;
				LastUpgradeCheck = 0900;
				ORGANIZATIONNAME = "Felipe Ruz";
				TargetAttributes = {
					A8ACFAFF1F1E96770065306D = {
						CreatedOnToolsVersion = 9.0;
					};
					A8ACFB131F1E96770065306D = {
						CreatedOnToolsVersion = 9.0;
						TestTargetID = A8ACFAFF1F1E96770065306D;
					};
					A8ACFB1E1F1E96770065306D = {
						CreatedOnToolsVersion = 9.0;
						TestTargetID = A8ACFAFF1F1E96770065306D;
					};
				};
			};
			buildConfigurationList = A8ACFAFB1F1E96770065306D /* Build configuration list for PBXProject "CleanExample" */;
			compatibilityVersion = "Xcode 8.0";
			developmentRegion = en;
			hasScannedForEncodings = 0;
			knownRegions = (
				en,
				Base,
			);
			mainGroup = A8ACFAF71F1E96770065306D;
			productRefGroup = A8ACFB011F1E96770065306D /* Products */;
			projectDirPath = "";
			projectRoot = "";
			targets = (
				A8ACFAFF1F1E96770065306D /* CleanExample */,
				A8ACFB131F1E96770065306D /* CleanExampleTests */,
				A8ACFB1E1F1E96770065306D /* CleanExampleUITests */,
			);
		};
/* End PBXProject section */

/* Begin PBXResourcesBuildPhase section */
		A8ACFAFE1F1E96770065306D /* Resources */ = {
			isa = PBXResourcesBuildPhase;
			buildActionMask = 2147483647;
			files = (
				A8C8A8E61F1EBAFE0038B3F2 /* login200.json in Resources */,
				A8ACFB0B1F1E96770065306D /* Assets.xcassets in Resources */,
				A8CF94F31F1FB78300A4CBDA /* LoginViewController.xib in Resources */,
				A8D016471F269F37002E5B0D /* HomeViewController.xib in Resources */,
			);
			runOnlyForDeploymentPostprocessing = 0;
		};
		A8ACFB121F1E96770065306D /* Resources */ = {
			isa = PBXResourcesBuildPhase;
			buildActionMask = 2147483647;
			files = (
			);
			runOnlyForDeploymentPostprocessing = 0;
		};
		A8ACFB1D1F1E96770065306D /* Resources */ = {
			isa = PBXResourcesBuildPhase;
			buildActionMask = 2147483647;
			files = (
			);
			runOnlyForDeploymentPostprocessing = 0;
		};
/* End PBXResourcesBuildPhase section */

/* Begin PBXShellScriptBuildPhase section */
		A8C8A8D21F1E9BED0038B3F2 /* SwiftLint */ = {
			isa = PBXShellScriptBuildPhase;
			buildActionMask = 2147483647;
			files = (
			);
			inputPaths = (
			);
			name = SwiftLint;
			outputPaths = (
			);
			runOnlyForDeploymentPostprocessing = 0;
			shellPath = /bin/sh;
			shellScript = "if which swiftlint >/dev/null; then\nswiftlint\nelse\necho \"warning: SwiftLint not installed, download from https://github.com/realm/SwiftLint\"\nfi";
		};
/* End PBXShellScriptBuildPhase section */

/* Begin PBXSourcesBuildPhase section */
		A8ACFAFC1F1E96770065306D /* Sources */ = {
			isa = PBXSourcesBuildPhase;
			buildActionMask = 2147483647;
			files = (
				A8CF94F21F1FB78300A4CBDA /* LoginViewController.swift in Sources */,
				A8C8A8F61F1F9BEA0038B3F2 /* AuthenticationMockDataSource.swift in Sources */,
				A860515B1F21039E0048C86E /* RootViewController.swift in Sources */,
				A860516F1F2139B00048C86E /* StorageServiceLocator.swift in Sources */,
				A80C45CB1F1E98B3007F2EFA /* UserEntity.swift in Sources */,
				A80C45CF1F1E99D8007F2EFA /* NewUser.swift in Sources */,
				A8ACFB041F1E96770065306D /* AppDelegate.swift in Sources */,
				A8D016411F269F15002E5B0D /* HomeViewProtocol.swift in Sources */,
				A8C8A8E11F1EBA5B0038B3F2 /* AuthenticationRestApi.swift in Sources */,
				A8C8A8E31F1EBACF0038B3F2 /* AuthenticationMockApi.swift in Sources */,
				A8CF94FB1F1FC0D300A4CBDA /* LoginPresenterProtocol.swift in Sources */,
				A8D016461F269F37002E5B0D /* HomeViewController.swift in Sources */,
				A86051671F21334F0048C86E /* StorageDataSource.swift in Sources */,
				A860516B1F21362B0048C86E /* StorageRepositoryProtocol.swift in Sources */,
				A8C8A8EB1F1F97CC0038B3F2 /* CustomError.swift in Sources */,
				A860516D1F2136C80048C86E /* UserDefaultsRepository.swift in Sources */,
				A86051691F2134460048C86E /* UserDefaultsStorageDataSource.swift in Sources */,
				A80C45CD1F1E99CC007F2EFA /* User.swift in Sources */,
				A8CF94F51F1FB7C800A4CBDA /* LoginPresenter.swift in Sources */,
				A8CF94FD1F1FC0E900A4CBDA /* LoginViewProtocol.swift in Sources */,
				A8D016431F269F23002E5B0D /* HomePresenterProtocol.swift in Sources */,
				A8C8A8F11F1F9B0D0038B3F2 /* AuthenticationRepositoryProtocol.swift in Sources */,
				A8A7229E1F1FAE3700DF908D /* AuthenticationServiceLocator.swift in Sources */,
				A8C8A8DD1F1EB8310038B3F2 /* AuthenticationUseCase.swift in Sources */,
				A8D016491F269F4D002E5B0D /* HomePresenter.swift in Sources */,
				A8C8A8F41F1F9B920038B3F2 /* AuthenticationDataSource.swift in Sources */,
				A8C8A8DF1F1EB9330038B3F2 /* AuthenticationRepository.swift in Sources */,
			);
			runOnlyForDeploymentPostprocessing = 0;
		};
		A8ACFB101F1E96770065306D /* Sources */ = {
			isa = PBXSourcesBuildPhase;
			buildActionMask = 2147483647;
			files = (
				A8C8A8ED1F1F985B0038B3F2 /* CustomErrorSpec.swift in Sources */,
				A86051751F214B090048C86E /* UserDefaultsStorageDataSourceSpec.swift in Sources */,
				A86051771F214B320048C86E /* UserDefaultsRepositorySpec.swift in Sources */,
				A8C8A8EF1F1F99C60038B3F2 /* AuthenticationUseCaseSpec.swift in Sources */,
				A8C8A8E91F1F8F720038B3F2 /* AuthenticationMockApiSpec.swift in Sources */,
				A8BE5D641F20148100F80C1A /* LoginViewControllerSpec.swift in Sources */,
				A8A7229C1F1FAC4E00DF908D /* AuthenticationRepositorySpec.swift in Sources */,
				A8C8A8D41F1EB2E20038B3F2 /* UserEntitySpec.swift in Sources */,
				A8CF95001F1FF25000A4CBDA /* LoginPresenterSpec.swift in Sources */,
				A8CF94EE1F1FB12A00A4CBDA /* AuthenticationMockDataSourceSpec.swift in Sources */,
			);
			runOnlyForDeploymentPostprocessing = 0;
		};
		A8ACFB1B1F1E96770065306D /* Sources */ = {
			isa = PBXSourcesBuildPhase;
			buildActionMask = 2147483647;
			files = (
				A8ACFB241F1E96770065306D /* CleanExampleUITests.swift in Sources */,
			);
			runOnlyForDeploymentPostprocessing = 0;
		};
/* End PBXSourcesBuildPhase section */

/* Begin PBXTargetDependency section */
		A8ACFB161F1E96770065306D /* PBXTargetDependency */ = {
			isa = PBXTargetDependency;
			target = A8ACFAFF1F1E96770065306D /* CleanExample */;
			targetProxy = A8ACFB151F1E96770065306D /* PBXContainerItemProxy */;
		};
		A8ACFB211F1E96770065306D /* PBXTargetDependency */ = {
			isa = PBXTargetDependency;
			target = A8ACFAFF1F1E96770065306D /* CleanExample */;
			targetProxy = A8ACFB201F1E96770065306D /* PBXContainerItemProxy */;
		};
/* End PBXTargetDependency section */

/* Begin XCBuildConfiguration section */
		A8ACFB261F1E96770065306D /* Debug */ = {
			isa = XCBuildConfiguration;
			buildSettings = {
				ALWAYS_SEARCH_USER_PATHS = NO;
				CLANG_ANALYZER_NONNULL = YES;
				CLANG_ANALYZER_NUMBER_OBJECT_CONVERSION = YES_AGGRESSIVE;
				CLANG_CXX_LANGUAGE_STANDARD = "gnu++14";
				CLANG_CXX_LIBRARY = "libc++";
				CLANG_ENABLE_MODULES = YES;
				CLANG_ENABLE_OBJC_ARC = YES;
				CLANG_WARN_BLOCK_CAPTURE_AUTORELEASING = YES;
				CLANG_WARN_BOOL_CONVERSION = YES;
				CLANG_WARN_COMMA = YES;
				CLANG_WARN_CONSTANT_CONVERSION = YES;
				CLANG_WARN_DIRECT_OBJC_ISA_USAGE = YES_ERROR;
				CLANG_WARN_DOCUMENTATION_COMMENTS = YES;
				CLANG_WARN_EMPTY_BODY = YES;
				CLANG_WARN_ENUM_CONVERSION = YES;
				CLANG_WARN_INFINITE_RECURSION = YES;
				CLANG_WARN_INT_CONVERSION = YES;
				CLANG_WARN_NON_LITERAL_NULL_CONVERSION = YES;
				CLANG_WARN_OBJC_LITERAL_CONVERSION = YES;
				CLANG_WARN_OBJC_ROOT_CLASS = YES_ERROR;
				CLANG_WARN_RANGE_LOOP_ANALYSIS = YES;
				CLANG_WARN_STRICT_PROTOTYPES = YES;
				CLANG_WARN_SUSPICIOUS_MOVE = YES;
				CLANG_WARN_UNGUARDED_AVAILABILITY = YES_AGGRESSIVE;
				CLANG_WARN_UNREACHABLE_CODE = YES;
				CLANG_WARN__DUPLICATE_METHOD_MATCH = YES;
				CODE_SIGN_IDENTITY = "iPhone Developer";
				COPY_PHASE_STRIP = NO;
				DEBUG_INFORMATION_FORMAT = dwarf;
				ENABLE_STRICT_OBJC_MSGSEND = YES;
				ENABLE_TESTABILITY = YES;
				GCC_C_LANGUAGE_STANDARD = gnu11;
				GCC_DYNAMIC_NO_PIC = NO;
				GCC_NO_COMMON_BLOCKS = YES;
				GCC_OPTIMIZATION_LEVEL = 0;
				GCC_PREPROCESSOR_DEFINITIONS = (
					"DEBUG=1",
					"$(inherited)",
				);
				GCC_WARN_64_TO_32_BIT_CONVERSION = YES;
				GCC_WARN_ABOUT_RETURN_TYPE = YES_ERROR;
				GCC_WARN_UNDECLARED_SELECTOR = YES;
				GCC_WARN_UNINITIALIZED_AUTOS = YES_AGGRESSIVE;
				GCC_WARN_UNUSED_FUNCTION = YES;
				GCC_WARN_UNUSED_VARIABLE = YES;
				IPHONEOS_DEPLOYMENT_TARGET = 11.0;
				MTL_ENABLE_DEBUG_INFO = YES;
				ONLY_ACTIVE_ARCH = YES;
				SDKROOT = iphoneos;
				SWIFT_ACTIVE_COMPILATION_CONDITIONS = DEBUG;
				SWIFT_OPTIMIZATION_LEVEL = "-Onone";
			};
			name = Debug;
		};
		A8ACFB271F1E96770065306D /* Release */ = {
			isa = XCBuildConfiguration;
			buildSettings = {
				ALWAYS_SEARCH_USER_PATHS = NO;
				CLANG_ANALYZER_NONNULL = YES;
				CLANG_ANALYZER_NUMBER_OBJECT_CONVERSION = YES_AGGRESSIVE;
				CLANG_CXX_LANGUAGE_STANDARD = "gnu++14";
				CLANG_CXX_LIBRARY = "libc++";
				CLANG_ENABLE_MODULES = YES;
				CLANG_ENABLE_OBJC_ARC = YES;
				CLANG_WARN_BLOCK_CAPTURE_AUTORELEASING = YES;
				CLANG_WARN_BOOL_CONVERSION = YES;
				CLANG_WARN_COMMA = YES;
				CLANG_WARN_CONSTANT_CONVERSION = YES;
				CLANG_WARN_DIRECT_OBJC_ISA_USAGE = YES_ERROR;
				CLANG_WARN_DOCUMENTATION_COMMENTS = YES;
				CLANG_WARN_EMPTY_BODY = YES;
				CLANG_WARN_ENUM_CONVERSION = YES;
				CLANG_WARN_INFINITE_RECURSION = YES;
				CLANG_WARN_INT_CONVERSION = YES;
				CLANG_WARN_NON_LITERAL_NULL_CONVERSION = YES;
				CLANG_WARN_OBJC_LITERAL_CONVERSION = YES;
				CLANG_WARN_OBJC_ROOT_CLASS = YES_ERROR;
				CLANG_WARN_RANGE_LOOP_ANALYSIS = YES;
				CLANG_WARN_STRICT_PROTOTYPES = YES;
				CLANG_WARN_SUSPICIOUS_MOVE = YES;
				CLANG_WARN_UNGUARDED_AVAILABILITY = YES_AGGRESSIVE;
				CLANG_WARN_UNREACHABLE_CODE = YES;
				CLANG_WARN__DUPLICATE_METHOD_MATCH = YES;
				CODE_SIGN_IDENTITY = "iPhone Developer";
				COPY_PHASE_STRIP = NO;
				DEBUG_INFORMATION_FORMAT = "dwarf-with-dsym";
				ENABLE_NS_ASSERTIONS = NO;
				ENABLE_STRICT_OBJC_MSGSEND = YES;
				GCC_C_LANGUAGE_STANDARD = gnu11;
				GCC_NO_COMMON_BLOCKS = YES;
				GCC_WARN_64_TO_32_BIT_CONVERSION = YES;
				GCC_WARN_ABOUT_RETURN_TYPE = YES_ERROR;
				GCC_WARN_UNDECLARED_SELECTOR = YES;
				GCC_WARN_UNINITIALIZED_AUTOS = YES_AGGRESSIVE;
				GCC_WARN_UNUSED_FUNCTION = YES;
				GCC_WARN_UNUSED_VARIABLE = YES;
				IPHONEOS_DEPLOYMENT_TARGET = 11.0;
				MTL_ENABLE_DEBUG_INFO = NO;
				SDKROOT = iphoneos;
				SWIFT_OPTIMIZATION_LEVEL = "-Owholemodule";
				VALIDATE_PRODUCT = YES;
			};
			name = Release;
		};
		A8ACFB291F1E96770065306D /* Debug */ = {
			isa = XCBuildConfiguration;
			buildSettings = {
				ASSETCATALOG_COMPILER_APPICON_NAME = AppIcon;
				DEVELOPMENT_TEAM = 2D3TXVT8E8;
				INFOPLIST_FILE = CleanExample/Info.plist;
				LD_RUNPATH_SEARCH_PATHS = "$(inherited) @executable_path/Frameworks";
				PRODUCT_BUNDLE_IDENTIFIER = cl.fruz.CleanExample;
				PRODUCT_NAME = "$(TARGET_NAME)";
				SWIFT_VERSION = 4.0;
				TARGETED_DEVICE_FAMILY = 1;
			};
			name = Debug;
		};
		A8ACFB2A1F1E96770065306D /* Release */ = {
			isa = XCBuildConfiguration;
			buildSettings = {
				ASSETCATALOG_COMPILER_APPICON_NAME = AppIcon;
				DEVELOPMENT_TEAM = 2D3TXVT8E8;
				INFOPLIST_FILE = CleanExample/Info.plist;
				LD_RUNPATH_SEARCH_PATHS = "$(inherited) @executable_path/Frameworks";
				PRODUCT_BUNDLE_IDENTIFIER = cl.fruz.CleanExample;
				PRODUCT_NAME = "$(TARGET_NAME)";
				SWIFT_VERSION = 4.0;
				TARGETED_DEVICE_FAMILY = 1;
			};
			name = Release;
		};
		A8ACFB2C1F1E96770065306D /* Debug */ = {
			isa = XCBuildConfiguration;
			buildSettings = {
				ALWAYS_EMBED_SWIFT_STANDARD_LIBRARIES = YES;
				BUNDLE_LOADER = "$(TEST_HOST)";
				INFOPLIST_FILE = CleanExampleTests/Info.plist;
				LD_RUNPATH_SEARCH_PATHS = "$(inherited) @executable_path/Frameworks @loader_path/Frameworks";
				PRODUCT_BUNDLE_IDENTIFIER = cl.fruz.CleanExampleTests;
				PRODUCT_NAME = "$(TARGET_NAME)";
				SWIFT_VERSION = 4.0;
				TARGETED_DEVICE_FAMILY = "1,2";
				TEST_HOST = "$(BUILT_PRODUCTS_DIR)/CleanExample.app/CleanExample";
			};
			name = Debug;
		};
		A8ACFB2D1F1E96770065306D /* Release */ = {
			isa = XCBuildConfiguration;
			buildSettings = {
				ALWAYS_EMBED_SWIFT_STANDARD_LIBRARIES = YES;
				BUNDLE_LOADER = "$(TEST_HOST)";
				INFOPLIST_FILE = CleanExampleTests/Info.plist;
				LD_RUNPATH_SEARCH_PATHS = "$(inherited) @executable_path/Frameworks @loader_path/Frameworks";
				PRODUCT_BUNDLE_IDENTIFIER = cl.fruz.CleanExampleTests;
				PRODUCT_NAME = "$(TARGET_NAME)";
				SWIFT_VERSION = 4.0;
				TARGETED_DEVICE_FAMILY = "1,2";
				TEST_HOST = "$(BUILT_PRODUCTS_DIR)/CleanExample.app/CleanExample";
			};
			name = Release;
		};
		A8ACFB2F1F1E96770065306D /* Debug */ = {
			isa = XCBuildConfiguration;
			buildSettings = {
				ALWAYS_EMBED_SWIFT_STANDARD_LIBRARIES = YES;
				INFOPLIST_FILE = CleanExampleUITests/Info.plist;
				LD_RUNPATH_SEARCH_PATHS = "$(inherited) @executable_path/Frameworks @loader_path/Frameworks";
				PRODUCT_BUNDLE_IDENTIFIER = cl.fruz.CleanExampleUITests;
				PRODUCT_NAME = "$(TARGET_NAME)";
				SWIFT_VERSION = 4.0;
				TARGETED_DEVICE_FAMILY = "1,2";
				TEST_TARGET_NAME = CleanExample;
			};
			name = Debug;
		};
		A8ACFB301F1E96770065306D /* Release */ = {
			isa = XCBuildConfiguration;
			buildSettings = {
				ALWAYS_EMBED_SWIFT_STANDARD_LIBRARIES = YES;
				INFOPLIST_FILE = CleanExampleUITests/Info.plist;
				LD_RUNPATH_SEARCH_PATHS = "$(inherited) @executable_path/Frameworks @loader_path/Frameworks";
				PRODUCT_BUNDLE_IDENTIFIER = cl.fruz.CleanExampleUITests;
				PRODUCT_NAME = "$(TARGET_NAME)";
				SWIFT_VERSION = 4.0;
				TARGETED_DEVICE_FAMILY = "1,2";
				TEST_TARGET_NAME = CleanExample;
			};
			name = Release;
		};
/* End XCBuildConfiguration section */

/* Begin XCConfigurationList section */
		A8ACFAFB1F1E96770065306D /* Build configuration list for PBXProject "CleanExample" */ = {
			isa = XCConfigurationList;
			buildConfigurations = (
				A8ACFB261F1E96770065306D /* Debug */,
				A8ACFB271F1E96770065306D /* Release */,
			);
			defaultConfigurationIsVisible = 0;
			defaultConfigurationName = Release;
		};
		A8ACFB281F1E96770065306D /* Build configuration list for PBXNativeTarget "CleanExample" */ = {
			isa = XCConfigurationList;
			buildConfigurations = (
				A8ACFB291F1E96770065306D /* Debug */,
				A8ACFB2A1F1E96770065306D /* Release */,
			);
			defaultConfigurationIsVisible = 0;
			defaultConfigurationName = Release;
		};
		A8ACFB2B1F1E96770065306D /* Build configuration list for PBXNativeTarget "CleanExampleTests" */ = {
			isa = XCConfigurationList;
			buildConfigurations = (
				A8ACFB2C1F1E96770065306D /* Debug */,
				A8ACFB2D1F1E96770065306D /* Release */,
			);
			defaultConfigurationIsVisible = 0;
			defaultConfigurationName = Release;
		};
		A8ACFB2E1F1E96770065306D /* Build configuration list for PBXNativeTarget "CleanExampleUITests" */ = {
			isa = XCConfigurationList;
			buildConfigurations = (
				A8ACFB2F1F1E96770065306D /* Debug */,
				A8ACFB301F1E96770065306D /* Release */,
			);
			defaultConfigurationIsVisible = 0;
			defaultConfigurationName = Release;
		};
/* End XCConfigurationList section */
	};
	rootObject = A8ACFAF81F1E96770065306D /* Project object */;
}
